<?xml version="1.0" encoding="utf-8"?>
<Project ToolsVersion="4.0" xmlns="http://schemas.microsoft.com/developer/msbuild/2003">
  <ItemGroup>
    <Filter Include="Source Files">
      <UniqueIdentifier>{4FC737F1-C7A5-4376-A066-2A32D752A2FF}</UniqueIdentifier>
      <Extensions>cpp;c;cc;cxx;c++;cppm;ixx;def;odl;idl;hpj;bat;asm;asmx</Extensions>
    </Filter>
    <Filter Include="Header Files">
      <UniqueIdentifier>{93995380-89BD-4b04-88EB-625FBE52EBFB}</UniqueIdentifier>
      <Extensions>h;hh;hpp;hxx;h++;hm;inl;inc;ipp;xsd</Extensions>
    </Filter>
    <Filter Include="Header Files\VEST_CLASS">
      <UniqueIdentifier>{2d75f17c-c16f-4a95-ae5b-c0ea4a6f2a70}</UniqueIdentifier>
    </Filter>
    <Filter Include="Header Files\VEST_INTERPRETED">
      <UniqueIdentifier>{64528117-8790-4ccb-af94-fbe6913bdc89}</UniqueIdentifier>
    </Filter>
    <Filter Include="Header Files\LicenseManager">
      <UniqueIdentifier>{f8673730-c0a5-4361-9219-06b8117d32a4}</UniqueIdentifier>
    </Filter>
  </ItemGroup>
  <ItemGroup>
    <ClInclude Include="Headers\VEST_BASIC.h">
      <Filter>Header Files</Filter>
    </ClInclude>
    <ClInclude Include="Headers\VEST_ALL.h">
      <Filter>Header Files</Filter>
    </ClInclude>
    <ClInclude Include="Headers\VEST_INTERPRETED\VEST_LEXER.h">
      <Filter>Header Files\VEST_INTERPRETED</Filter>
    </ClInclude>
    <ClInclude Include="Headers\VEST_INTERPRETED\VEST_BUILTIN.h">
      <Filter>Header Files\VEST_INTERPRETED</Filter>
    </ClInclude>
    <ClInclude Include="Headers\VEST_CLASS\VEST_DATA.h">
      <Filter>Header Files\VEST_CLASS</Filter>
    </ClInclude>
    <ClInclude Include="Headers\VEST_CLASS\VEST_CLASS.h">
      <Filter>Header Files\VEST_CLASS</Filter>
    </ClInclude>
    <ClInclude Include="Headers\VEST_CLASS\VEST_INT.h">
      <Filter>Header Files\VEST_CLASS</Filter>
    </ClInclude>
    <ClInclude Include="Headers\VEST_CLASS\VEST_DOUBLE.h">
      <Filter>Header Files\VEST_CLASS</Filter>
    </ClInclude>
    <ClInclude Include="Headers\VEST_CLASS\VEST_ARRAY.h">
      <Filter>Header Files\VEST_CLASS</Filter>
    </ClInclude>
    <ClInclude Include="Headers\VEST_CLASS\VEST_BOOL.h">
      <Filter>Header Files\VEST_CLASS</Filter>
    </ClInclude>
    <ClInclude Include="Headers\VEST_CLASS\VEST_CODEARRAY.h">
      <Filter>Header Files\VEST_CLASS</Filter>
    </ClInclude>
    <ClInclude Include="Headers\VEST_CLASS\VEST_DICT.h">
      <Filter>Header Files\VEST_CLASS</Filter>
    </ClInclude>
    <ClInclude Include="Headers\VEST_CLASS\VEST_ERROR.h">
      <Filter>Header Files\VEST_CLASS</Filter>
    </ClInclude>
    <ClInclude Include="Headers\VEST_CLASS\VEST_KEYWORD.h">
      <Filter>Header Files\VEST_CLASS</Filter>
    </ClInclude>
    <ClInclude Include="Headers\VEST_CLASS\VEST_LIST.h">
      <Filter>Header Files\VEST_CLASS</Filter>
    </ClInclude>
    <ClInclude Include="Headers\VEST_CLASS\VEST_NULL.h">
      <Filter>Header Files\VEST_CLASS</Filter>
    </ClInclude>
    <ClInclude Include="Headers\VEST_CLASS\VEST_OPERATOR.h">
      <Filter>Header Files\VEST_CLASS</Filter>
    </ClInclude>
    <ClInclude Include="Headers\VEST_CLASS\VEST_SET.h">
      <Filter>Header Files\VEST_CLASS</Filter>
    </ClInclude>
    <ClInclude Include="Headers\VEST_CLASS\VEST_STREAM.h">
      <Filter>Header Files\VEST_CLASS</Filter>
    </ClInclude>
    <ClInclude Include="Headers\VEST_CLASS\VEST_STRING.h">
      <Filter>Header Files\VEST_CLASS</Filter>
    </ClInclude>
    <ClInclude Include="Headers\VEST_CLASS\VEST_STRUCT.h">
      <Filter>Header Files\VEST_CLASS</Filter>
    </ClInclude>
    <ClInclude Include="Headers\VEST_CLASS\VEST_THREAD.h">
      <Filter>Header Files\VEST_CLASS</Filter>
    </ClInclude>
    <ClInclude Include="Headers\VEST_CLASS\VEST_UNION.h">
      <Filter>Header Files\VEST_CLASS</Filter>
    </ClInclude>
    <ClInclude Include="Headers\VEST_CLASS\VEST_VOID.h">
      <Filter>Header Files\VEST_CLASS</Filter>
    </ClInclude>
    <ClInclude Include="LicenseManaging\LicenseDecoder.h">
      <Filter>Header Files\LicenseManager</Filter>
    </ClInclude>
    <ClInclude Include="Headers\VEST_CLASS\VEST_ALL_TYPE.h">
      <Filter>Header Files\VEST_CLASS</Filter>
    </ClInclude>
  </ItemGroup>
  <ItemGroup>
    <ClCompile Include="Vest.cpp">
      <Filter>Source Files</Filter>
    </ClCompile>
  </ItemGroup>
</Project>